<?xml version="1.0" encoding="utf-8"?>
<Project ToolsVersion="4.0" xmlns="http://schemas.microsoft.com/developer/msbuild/2003">
  <ItemGroup>
    <Filter Include="Source Files">
      <UniqueIdentifier>{4FC737F1-C7A5-4376-A066-2A32D752A2FF}</UniqueIdentifier>
      <Extensions>cpp;c;cc;cxx;c++;cppm;ixx;def;odl;idl;hpj;bat;asm;asmx</Extensions>
    </Filter>
    <Filter Include="Header Files">
      <UniqueIdentifier>{93995380-89BD-4b04-88EB-625FBE52EBFB}</UniqueIdentifier>
      <Extensions>h;hh;hpp;hxx;h++;hm;inl;inc;ipp;xsd</Extensions>
    </Filter>
    <Filter Include="Resource Files">
      <UniqueIdentifier>{67DA6AB6-F800-4c08-8B7A-83BB121AAD01}</UniqueIdentifier>
      <Extensions>rc;ico;cur;bmp;dlg;rc2;rct;bin;rgs;gif;jpg;jpeg;jpe;resx;tiff;tif;png;wav;mfcribbon-ms</Extensions>
    </Filter>
  </ItemGroup>
  <ItemGroup>
    <ClInclude Include="..\PolyCal\AbstractSpan.h">
      <Filter>Header Files</Filter>
    </ClInclude>
    <ClInclude Include="..\PolyCal\CompositeSpan.h">
      <Filter>Header Files</Filter>
    </ClInclude>
    <ClInclude Include="..\PolyCal\PCControler.h">
      <Filter>Header Files</Filter>
    </ClInclude>
    <ClInclude Include="..\PolyCal\SpanContainer.h">
      <Filter>Header Files</Filter>
    </ClInclude>
    <ClInclude Include="..\PolyCal\TimeSpan.h">
      <Filter>Header Files</Filter>
    </ClInclude>
    <ClInclude Include="..\PolyCal\RecurentSpan.h">
      <Filter>Header Files</Filter>
    </ClInclude>
    <ClInclude Include="..\PolyCal\User.h">
      <Filter>Header Files</Filter>
    </ClInclude>
    <ClInclude Include="..\PolyCal\Agenda.h">
      <Filter>Header Files</Filter>
    </ClInclude>
    <ClInclude Include="..\PolyCal\EventContainer.h">
      <Filter>Header Files</Filter>
    </ClInclude>
    <ClInclude Include="..\PolyCal\Schedule.h">
      <Filter>Header Files</Filter>
    </ClInclude>
    <ClInclude Include="..\PolyCal\ParticipantContainer.h">
      <Filter>Header Files</Filter>
    </ClInclude>
    <ClInclude Include="..\PolyCal\Participant.h">
      <Filter>Header Files</Filter>
    </ClInclude>
    <ClInclude Include="..\PolyCal\AbstractEvent.h">
      <Filter>Header Files</Filter>
    </ClInclude>
    <ClInclude Include="..\PolyCal\Minutes.h">
      <Filter>Header Files</Filter>
    </ClInclude>
  </ItemGroup>
  <ItemGroup>
    <ClCompile Include="..\PolyCal\AbstractSpan.cpp">
      <Filter>Source Files</Filter>
    </ClCompile>
    <ClCompile Include="..\PolyCal\CompositeSpan.cpp">
      <Filter>Source Files</Filter>
    </ClCompile>
    <ClCompile Include="..\PolyCal\PCControler.cpp">
      <Filter>Source Files</Filter>
    </ClCompile>
    <ClCompile Include="..\PolyCal\TimeSpan.cpp">
      <Filter>Source Files</Filter>
    </ClCompile>
    <ClCompile Include="..\PolyCal\RecurentSpan.cpp">
      <Filter>Source Files</Filter>
    </ClCompile>
    <ClCompile Include="..\PolyCal\PolyCal-TP4.cpp">
      <Filter>Source Files</Filter>
    </ClCompile>
    <ClCompile Include="..\PolyCal\User.cpp">
      <Filter>Source Files</Filter>
    </ClCompile>
    <ClCompile Include="..\PolyCal\Schedule.cpp">
      <Filter>Source Files</Filter>
    </ClCompile>
    <ClCompile Include="..\PolyCal\Participant.cpp">
      <Filter>Source Files</Filter>
    </ClCompile>
    <ClCompile Include="..\PolyCal\AbstractEvent.cpp">
      <Filter>Source Files</Filter>
    </ClCompile>
    <ClCompile Include="..\PolyCal\Meeting.cpp">
      <Filter>Source Files</Filter>
    </ClCompile>
    <ClCompile Include="..\PolyCal\Agenda.cpp">
      <Filter>Source Files</Filter>
    </ClCompile>
  </ItemGroup>
</Project>